<?xml version="1.0" encoding="utf-8"?>
<Project ToolsVersion="4.0" xmlns="http://schemas.microsoft.com/developer/msbuild/2003">
  <ItemGroup>
    <Filter Include="Source Files">
      <UniqueIdentifier>{4FC737F1-C7A5-4376-A066-2A32D752A2FF}</UniqueIdentifier>
      <Extensions>cpp;c;cc;cxx;def;odl;idl;hpj;bat;asm;asmx</Extensions>
    </Filter>
    <Filter Include="Header Files">
      <UniqueIdentifier>{93995380-89BD-4b04-88EB-625FBE52EBFB}</UniqueIdentifier>
      <Extensions>h;hh;hpp;hxx;hm;inl;inc;xsd</Extensions>
    </Filter>
    <Filter Include="Resource Files">
      <UniqueIdentifier>{67DA6AB6-F800-4c08-8B7A-83BB121AAD01}</UniqueIdentifier>
      <Extensions>rc;ico;cur;bmp;dlg;rc2;rct;bin;rgs;gif;jpg;jpeg;jpe;resx;tiff;tif;png;wav;mfcribbon-ms</Extensions>
    </Filter>
    <Filter Include="ext">
      <UniqueIdentifier>{dd5daed0-3a9f-4080-b250-893d67602818}</UniqueIdentifier>
    </Filter>
  </ItemGroup>
  <ItemGroup>
    <ClCompile Include="kun\audio_api.cpp">
      <Filter>Source Files</Filter>
    </ClCompile>
    <ClCompile Include="kun\audio_channel.cpp">
      <Filter>Source Files</Filter>
    </ClCompile>
    <ClCompile Include="kun\audio_channel_atlas.cpp">
      <Filter>Source Files</Filter>
    </ClCompile>
    <ClCompile Include="kun\audio_effect_file.cpp">
      <Filter>Source Files</Filter>
    </ClCompile>
    <ClCompile Include="kun\debug.cpp">
      <Filter>Source Files</Filter>
    </ClCompile>
    <ClCompile Include="kun\engine.cpp">
      <Filter>Source Files</Filter>
    </ClCompile>
    <ClCompile Include="kun\main.cpp">
      <Filter>Source Files</Filter>
    </ClCompile>
    <ClCompile Include="kun\mixer.cpp">
      <Filter>Source Files</Filter>
    </ClCompile>
    <ClCompile Include="kun\mixer_manager.cpp">
      <Filter>Source Files</Filter>
    </ClCompile>
    <ClCompile Include="kun\scene_test_sound_effect.cpp">
      <Filter>Source Files</Filter>
    </ClCompile>
    <ClCompile Include="kun\sound_base.cpp">
      <Filter>Source Files</Filter>
    </ClCompile>
    <ClCompile Include="kun\sound_effect.cpp">
      <Filter>Source Files</Filter>
    </ClCompile>
    <ClCompile Include="kun\sound_stream.cpp">
      <Filter>Source Files</Filter>
    </ClCompile>
    <ClCompile Include="ext\stb_vorbis_v1_10\stb\stb_vorbis.c">
      <Filter>ext</Filter>
    </ClCompile>
  </ItemGroup>
  <ItemGroup>
    <ClInclude Include="kun\audio_api.h">
      <Filter>Header Files</Filter>
    </ClInclude>
    <ClInclude Include="kun\audio_channel.h">
      <Filter>Header Files</Filter>
    </ClInclude>
    <ClInclude Include="kun\audio_channel_atlas.h">
      <Filter>Header Files</Filter>
    </ClInclude>
    <ClInclude Include="kun\audio_effect_file.h">
      <Filter>Header Files</Filter>
    </ClInclude>
    <ClInclude Include="kun\callback_macro.h">
      <Filter>Header Files</Filter>
    </ClInclude>
    <ClInclude Include="kun\cluster.h">
      <Filter>Header Files</Filter>
    </ClInclude>
    <ClInclude Include="kun\debug.h">
      <Filter>Header Files</Filter>
    </ClInclude>
    <ClInclude Include="kun\engine.h">
      <Filter>Header Files</Filter>
    </ClInclude>
    <ClInclude Include="kun\engine_config.h">
      <Filter>Header Files</Filter>
    </ClInclude>
    <ClInclude Include="kun\kun.h">
      <Filter>Header Files</Filter>
    </ClInclude>
    <ClInclude Include="kun\managed_base.h">
      <Filter>Header Files</Filter>
    </ClInclude>
    <ClInclude Include="kun\manager_base.h">
      <Filter>Header Files</Filter>
    </ClInclude>
    <ClInclude Include="kun\mathlib.h">
      <Filter>Header Files</Filter>
    </ClInclude>
    <ClInclude Include="kun\mixer.h">
      <Filter>Header Files</Filter>
    </ClInclude>
    <ClInclude Include="kun\mixer_manager.h">
      <Filter>Header Files</Filter>
    </ClInclude>
    <ClInclude Include="kun\playing_state.h">
      <Filter>Header Files</Filter>
    </ClInclude>
    <ClInclude Include="kun\pool.h">
      <Filter>Header Files</Filter>
    </ClInclude>
    <ClInclude Include="kun\priority_element.h">
      <Filter>Header Files</Filter>
    </ClInclude>
    <ClInclude Include="kun\scene_test_sound_effect.h">
      <Filter>Header Files</Filter>
    </ClInclude>
    <ClInclude Include="kun\sound_base.h">
      <Filter>Header Files</Filter>
    </ClInclude>
    <ClInclude Include="kun\sound_callback.h">
      <Filter>Header Files</Filter>
    </ClInclude>
    <ClInclude Include="kun\sound_effect.h">
      <Filter>Header Files</Filter>
    </ClInclude>
    <ClInclude Include="kun\sound_event.h">
      <Filter>Header Files</Filter>
    </ClInclude>
    <ClInclude Include="kun\sound_stream.h">
      <Filter>Header Files</Filter>
    </ClInclude>
    <ClInclude Include="kun\types.h">
      <Filter>Header Files</Filter>
    </ClInclude>
    <ClInclude Include="ext\stb_vorbis_v1_10\stb\stb_vorbis.h">
      <Filter>ext</Filter>
    </ClInclude>
  </ItemGroup>
</Project>